
Microsoft Visual Studio Solution File, Format Version 12.00
# Visual Studio Version 17
VisualStudioVersion = 17.4.33213.308
MinimumVisualStudioVersion = 10.0.40219.1
Project("{FAE04EC0-301F-11D3-BF4B-00C04F79EFBC}") = "OperatorOverloading1", "OperatorOverloading1\OperatorOverloading1.csproj", "{0DA7A28B-1907-4940-B0AE-DC8E903AE1EF}"
EndProject
Global
	GlobalSection(SolutionConfigurationPlatforms) = preSolution
		Debug|Any CPU = Debug|Any CPU
		Release|Any CPU = Release|Any CPU
	EndGlobalSection
	GlobalSection(ProjectConfigurationPlatforms) = postSolution
		{0DA7A28B-1907-4940-B0AE-DC8E903AE1EF}.Debug|Any CPU.ActiveCfg = Debug|Any CPU
		{0DA7A28B-1907-4940-B0AE-DC8E903AE1EF}.Debug|Any CPU.Build.0 = Debug|Any CPU
		{0DA7A28B-1907-4940-B0AE-DC8E903AE1EF}.Release|Any CPU.ActiveCfg = Release|Any CPU
		{0DA7A28B-1907-4940-B0AE-DC8E903AE1EF}.Release|Any CPU.Build.0 = Release|Any CPU
	EndGlobalSection
	GlobalSection(SolutionProperties) = preSolution
		HideSolutionNode = FALSE
	EndGlobalSection
	GlobalSection(ExtensibilityGlobals) = postSolution
		SolutionGuid = {80D9E3EF-8776-475B-99C6-2E925C925840}
	EndGlobalSection
EndGlobal
